
Microsoft Visual Studio Solution File, Format Version 12.00
# Visual Studio Version 17
VisualStudioVersion = 17.5.33424.131
MinimumVisualStudioVersion = 10.0.40219.1
Project("{FAE04EC0-301F-11D3-BF4B-00C04F79EFBC}") = "MyAppWeb", "MyAppWeb\MyAppWeb.csproj", "{4B4F9F91-7CBA-434B-A751-B609FC11A932}"
EndProject
Global
	GlobalSection(SolutionConfigurationPlatforms) = preSolution
		Debug|Any CPU = Debug|Any CPU
		Release|Any CPU = Release|Any CPU
	EndGlobalSection
	GlobalSection(ProjectConfigurationPlatforms) = postSolution
		{4B4F9F91-7CBA-434B-A751-B609FC11A932}.Debug|Any CPU.ActiveCfg = Debug|Any CPU
		{4B4F9F91-7CBA-434B-A751-B609FC11A932}.Debug|Any CPU.Build.0 = Debug|Any CPU
		{4B4F9F91-7CBA-434B-A751-B609FC11A932}.Release|Any CPU.ActiveCfg = Release|Any CPU
		{4B4F9F91-7CBA-434B-A751-B609FC11A932}.Release|Any CPU.Build.0 = Release|Any CPU
	EndGlobalSection
	GlobalSection(SolutionProperties) = preSolution
		HideSolutionNode = FALSE
	EndGlobalSection
	GlobalSection(ExtensibilityGlobals) = postSolution
		SolutionGuid = {4C41AC87-3C6C-425C-BD19-212B548CCE92}
	EndGlobalSection
EndGlobal
